
Microsoft Visual Studio Solution File, Format Version 12.00
# Visual Studio Version 17
VisualStudioVersion = 17.13.35919.96
MinimumVisualStudioVersion = 10.0.40219.1
Project("{2150E333-8FDC-42A3-9474-1A3956D46DE8}") = "Solution Items", "Solution Items", "{02EA681E-C7D8-13C7-8484-4AC65E1B71E8}"
	ProjectSection(SolutionItems) = preProject
		Resources\AspireAppTrader.linq = Resources\AspireAppTrader.linq
		README.md = README.md
	EndProjectSection
EndProject
Project("{FAE04EC0-301F-11D3-BF4B-00C04F79EFBC}") = "RxDemo.Common", "RxDemo.Common\RxDemo.Common.csproj", "{ADA9F5CA-6877-4210-98BE-0A6BC82D1E4E}"
EndProject
Project("{FAE04EC0-301F-11D3-BF4B-00C04F79EFBC}") = "RxDemoApp.AppHost", "RxDemoApp\RxDemoApp.AppHost\RxDemoApp.AppHost.csproj", "{006B4B3D-42D7-440A-A953-E28C3C35F162}"
EndProject
Project("{FAE04EC0-301F-11D3-BF4B-00C04F79EFBC}") = "RxDemoApp.ServiceDefaults", "RxDemoApp\RxDemoApp.ServiceDefaults\RxDemoApp.ServiceDefaults.csproj", "{73EE5034-0A8E-EE59-D946-C3388661A6E9}"
EndProject
Project("{FAE04EC0-301F-11D3-BF4B-00C04F79EFBC}") = "RxDemoApp.ApiService", "RxDemoApp\RxDemoApp.ApiService\RxDemoApp.ApiService.csproj", "{9A830946-8E99-2FB9-2A4B-B23E61C1DD59}"
EndProject
Project("{FAE04EC0-301F-11D3-BF4B-00C04F79EFBC}") = "RxDemoApp.Tests", "RxDemoApp\RxDemoApp.Tests\RxDemoApp.Tests.csproj", "{C252637C-E822-2E59-9841-938B5E746FB0}"
EndProject
Project("{FAE04EC0-301F-11D3-BF4B-00C04F79EFBC}") = "RxDemoApp.Server.Domain", "RxDemoApp.Domain\RxDemoApp.Server.Domain.csproj", "{1A0C8B21-538B-49DC-A950-02033925FD4C}"
EndProject
Project("{FAE04EC0-301F-11D3-BF4B-00C04F79EFBC}") = "RxDemoApp.Client.Domain", "RxDemoApp.Client.Domain\RxDemoApp.Client.Domain.csproj", "{436D0962-5008-478C-AF9F-C526E1DF0276}"
EndProject
Project("{FAE04EC0-301F-11D3-BF4B-00C04F79EFBC}") = "RxDemo.ConsoleApp", "RxDemo.ConsoleApp\RxDemo.ConsoleApp.csproj", "{F919573D-1C3E-47F2-874E-9024B696B293}"
EndProject
Global
	GlobalSection(SolutionConfigurationPlatforms) = preSolution
		Debug|Any CPU = Debug|Any CPU
		Release|Any CPU = Release|Any CPU
	EndGlobalSection
	GlobalSection(ProjectConfigurationPlatforms) = postSolution
		{ADA9F5CA-6877-4210-98BE-0A6BC82D1E4E}.Debug|Any CPU.ActiveCfg = Debug|Any CPU
		{ADA9F5CA-6877-4210-98BE-0A6BC82D1E4E}.Debug|Any CPU.Build.0 = Debug|Any CPU
		{ADA9F5CA-6877-4210-98BE-0A6BC82D1E4E}.Release|Any CPU.ActiveCfg = Release|Any CPU
		{ADA9F5CA-6877-4210-98BE-0A6BC82D1E4E}.Release|Any CPU.Build.0 = Release|Any CPU
		{006B4B3D-42D7-440A-A953-E28C3C35F162}.Debug|Any CPU.ActiveCfg = Debug|Any CPU
		{006B4B3D-42D7-440A-A953-E28C3C35F162}.Debug|Any CPU.Build.0 = Debug|Any CPU
		{006B4B3D-42D7-440A-A953-E28C3C35F162}.Release|Any CPU.ActiveCfg = Release|Any CPU
		{006B4B3D-42D7-440A-A953-E28C3C35F162}.Release|Any CPU.Build.0 = Release|Any CPU
		{73EE5034-0A8E-EE59-D946-C3388661A6E9}.Debug|Any CPU.ActiveCfg = Debug|Any CPU
		{73EE5034-0A8E-EE59-D946-C3388661A6E9}.Debug|Any CPU.Build.0 = Debug|Any CPU
		{73EE5034-0A8E-EE59-D946-C3388661A6E9}.Release|Any CPU.ActiveCfg = Release|Any CPU
		{73EE5034-0A8E-EE59-D946-C3388661A6E9}.Release|Any CPU.Build.0 = Release|Any CPU
		{9A830946-8E99-2FB9-2A4B-B23E61C1DD59}.Debug|Any CPU.ActiveCfg = Debug|Any CPU
		{9A830946-8E99-2FB9-2A4B-B23E61C1DD59}.Debug|Any CPU.Build.0 = Debug|Any CPU
		{9A830946-8E99-2FB9-2A4B-B23E61C1DD59}.Release|Any CPU.ActiveCfg = Release|Any CPU
		{9A830946-8E99-2FB9-2A4B-B23E61C1DD59}.Release|Any CPU.Build.0 = Release|Any CPU
		{C252637C-E822-2E59-9841-938B5E746FB0}.Debug|Any CPU.ActiveCfg = Debug|Any CPU
		{C252637C-E822-2E59-9841-938B5E746FB0}.Debug|Any CPU.Build.0 = Debug|Any CPU
		{C252637C-E822-2E59-9841-938B5E746FB0}.Release|Any CPU.ActiveCfg = Release|Any CPU
		{C252637C-E822-2E59-9841-938B5E746FB0}.Release|Any CPU.Build.0 = Release|Any CPU
		{1A0C8B21-538B-49DC-A950-02033925FD4C}.Debug|Any CPU.ActiveCfg = Debug|Any CPU
		{1A0C8B21-538B-49DC-A950-02033925FD4C}.Debug|Any CPU.Build.0 = Debug|Any CPU
		{1A0C8B21-538B-49DC-A950-02033925FD4C}.Release|Any CPU.ActiveCfg = Release|Any CPU
		{1A0C8B21-538B-49DC-A950-02033925FD4C}.Release|Any CPU.Build.0 = Release|Any CPU
		{436D0962-5008-478C-AF9F-C526E1DF0276}.Debug|Any CPU.ActiveCfg = Debug|Any CPU
		{436D0962-5008-478C-AF9F-C526E1DF0276}.Debug|Any CPU.Build.0 = Debug|Any CPU
		{436D0962-5008-478C-AF9F-C526E1DF0276}.Release|Any CPU.ActiveCfg = Release|Any CPU
		{436D0962-5008-478C-AF9F-C526E1DF0276}.Release|Any CPU.Build.0 = Release|Any CPU
		{F919573D-1C3E-47F2-874E-9024B696B293}.Debug|Any CPU.ActiveCfg = Debug|Any CPU
		{F919573D-1C3E-47F2-874E-9024B696B293}.Debug|Any CPU.Build.0 = Debug|Any CPU
		{F919573D-1C3E-47F2-874E-9024B696B293}.Release|Any CPU.ActiveCfg = Release|Any CPU
		{F919573D-1C3E-47F2-874E-9024B696B293}.Release|Any CPU.Build.0 = Release|Any CPU
	EndGlobalSection
	GlobalSection(SolutionProperties) = preSolution
		HideSolutionNode = FALSE
	EndGlobalSection
	GlobalSection(ExtensibilityGlobals) = postSolution
		SolutionGuid = {43726560-C2D1-4AFF-B9A0-27DA8F067A22}
	EndGlobalSection
EndGlobal
